
Microsoft Visual Studio Solution File, Format Version 12.00
# Visual Studio Version 17
VisualStudioVersion = 17.7.34024.191
MinimumVisualStudioVersion = 10.0.40219.1
Project("{9A19103F-16F7-4668-BE54-9A1E7A4F7556}") = "Portfolio", "Portfolio\Portfolio.csproj", "{A11913E3-0FD2-415C-B9BD-6B8745917213}"
EndProject
Project("{9A19103F-16F7-4668-BE54-9A1E7A4F7556}") = "Portfolio.Tests", "Tests\Portfolio.Tests.csproj", "{2A1BF0CB-245A-4929-BDD2-5FB1832241B8}"
EndProject
Global
	GlobalSection(SolutionConfigurationPlatforms) = preSolution
		Debug|Any CPU = Debug|Any CPU
		Release|Any CPU = Release|Any CPU
	EndGlobalSection
	GlobalSection(ProjectConfigurationPlatforms) = postSolution
		{A11913E3-0FD2-415C-B9BD-6B8745917213}.Debug|Any CPU.ActiveCfg = Debug|Any CPU
		{A11913E3-0FD2-415C-B9BD-6B8745917213}.Debug|Any CPU.Build.0 = Debug|Any CPU
		{A11913E3-0FD2-415C-B9BD-6B8745917213}.Release|Any CPU.ActiveCfg = Release|Any CPU
		{A11913E3-0FD2-415C-B9BD-6B8745917213}.Release|Any CPU.Build.0 = Release|Any CPU
		{2A1BF0CB-245A-4929-BDD2-5FB1832241B8}.Debug|Any CPU.ActiveCfg = Debug|Any CPU
		{2A1BF0CB-245A-4929-BDD2-5FB1832241B8}.Debug|Any CPU.Build.0 = Debug|Any CPU
		{2A1BF0CB-245A-4929-BDD2-5FB1832241B8}.Release|Any CPU.ActiveCfg = Release|Any CPU
		{2A1BF0CB-245A-4929-BDD2-5FB1832241B8}.Release|Any CPU.Build.0 = Release|Any CPU
	EndGlobalSection
	GlobalSection(SolutionProperties) = preSolution
		HideSolutionNode = FALSE
	EndGlobalSection
	GlobalSection(ExtensibilityGlobals) = postSolution
		SolutionGuid = {15E048D3-1EB1-4A8F-8917-A90B143716C6}
	EndGlobalSection
EndGlobal
